// !$*UTF8*$!
{
	archiveVersion = 1;
	classes = {
	};
	objectVersion = 46;
	objects = {

/* Begin PBXBuildFile section */
		3DE0F4D11CAAF3080077D0EF /* main.m in Sources */ = {isa = PBXBuildFile; fileRef = 3DE0F4D01CAAF3080077D0EF /* main.m */; };
		3DE0F4D41CAAF3080077D0EF /* AppDelegate.m in Sources */ = {isa = PBXBuildFile; fileRef = 3DE0F4D31CAAF3080077D0EF /* AppDelegate.m */; };
		3DE0F4D71CAAF3080077D0EF /* ViewController.m in Sources */ = {isa = PBXBuildFile; fileRef = 3DE0F4D61CAAF3080077D0EF /* ViewController.m */; };
		3DE0F4DA1CAAF3080077D0EF /* Main.storyboard in Resources */ = {isa = PBXBuildFile; fileRef = 3DE0F4D81CAAF3080077D0EF /* Main.storyboard */; };
		3DE0F4DC1CAAF3080077D0EF /* Assets.xcassets in Resources */ = {isa = PBXBuildFile; fileRef = 3DE0F4DB1CAAF3080077D0EF /* Assets.xcassets */; };
		3DE0F4DF1CAAF3080077D0EF /* LaunchScreen.storyboard in Resources */ = {isa = PBXBuildFile; fileRef = 3DE0F4DD1CAAF3080077D0EF /* LaunchScreen.storyboard */; };
/* End PBXBuildFile section */

/* Begin PBXFileReference section */
		3DE0F4CC1CAAF3080077D0EF /* Day7_2.app */ = {isa = PBXFileReference; explicitFileType = wrapper.application; includeInIndex = 0; path = Day7_2.app; sourceTree = BUILT_PRODUCTS_DIR; };
		3DE0F4D01CAAF3080077D0EF /* main.m */ = {isa = PBXFileReference; lastKnownFileType = sourcecode.c.objc; path = main.m; sourceTree = "<group>"; };
		3DE0F4D21CAAF3080077D0EF /* AppDelegate.h */ = {isa = PBXFileReference; lastKnownFileType = sourcecode.c.h; path = AppDelegate.h; sourceTree = "<group>"; };
		3DE0F4D31CAAF3080077D0EF /* AppDelegate.m */ = {isa = PBXFileReference; lastKnownFileType = sourcecode.c.objc; path = AppDelegate.m; sourceTree = "<group>"; };
		3DE0F4D51CAAF3080077D0EF /* ViewController.h */ = {isa = PBXFileReference; lastKnownFileType = sourcecode.c.h; path = ViewController.h; sourceTree = "<group>"; };
		3DE0F4D61CAAF3080077D0EF /* ViewController.m */ = {isa = PBXFileReference; lastKnownFileType = sourcecode.c.objc; path = ViewController.m; sourceTree = "<group>"; };
		3DE0F4D91CAAF3080077D0EF /* Base */ = {isa = PBXFileReference; lastKnownFileType = file.storyboard; name = Base; path = Base.lproj/Main.storyboard; sourceTree = "<group>"; };
		3DE0F4DB1CAAF3080077D0EF /* Assets.xcassets */ = {isa = PBXFileReference; lastKnownFileType = folder.assetcatalog; path = Assets.xcassets; sourceTree = "<group>"; };
		3DE0F4DE1CAAF3080077D0EF /* Base */ = {isa = PBXFileReference; lastKnownFileType = file.storyboard; name = Base; path = Base.lproj/LaunchScreen.storyboard; sourceTree = "<group>"; };
		3DE0F4E01CAAF3080077D0EF /* Info.plist */ = {isa = PBXFileReference; lastKnownFileType = text.plist.xml; path = Info.plist; sourceTree = "<group>"; };
/* End PBXFileReference section */

/* Begin PBXFrameworksBuildPhase section */
		3DE0F4C91CAAF3080077D0EF /* Frameworks */ = {
			isa = PBXFrameworksBuildPhase;
			buildActionMask = 2147483647;
			files = (
			);
			runOnlyForDeploymentPostprocessing = 0;
		};
/* End PBXFrameworksBuildPhase section */

/* Begin PBXGroup section */
		3DE0F4C31CAAF3080077D0EF = {
			isa = PBXGroup;
			children = (
				3DE0F4CE1CAAF3080077D0EF /* Day7_2 */,
				3DE0F4CD1CAAF3080077D0EF /* Products */,
			);
			sourceTree = "<group>";
		};
		3DE0F4CD1CAAF3080077D0EF /* Products */ = {
			isa = PBXGroup;
			children = (
				3DE0F4CC1CAAF3080077D0EF /* Day7_2.app */,
			);
			name = Products;
			sourceTree = "<group>";
		};
		3DE0F4CE1CAAF3080077D0EF /* Day7_2 */ = {
			isa = PBXGroup;
			children = (
				3DE0F4D21CAAF3080077D0EF /* AppDelegate.h */,
				3DE0F4D31CAAF3080077D0EF /* AppDelegate.m */,
				3DE0F4D51CAAF3080077D0EF /* ViewController.h */,
				3DE0F4D61CAAF3080077D0EF /* ViewController.m */,
				3DE0F4D81CAAF3080077D0EF /* Main.storyboard */,
				3DE0F4DB1CAAF3080077D0EF /* Assets.xcassets */,
				3DE0F4DD1CAAF3080077D0EF /* LaunchScreen.storyboard */,
				3DE0F4E01CAAF3080077D0EF /* Info.plist */,
				3DE0F4CF1CAAF3080077D0EF /* Supporting Files */,
			);
			path = Day7_2;
			sourceTree = "<group>";
		};
		3DE0F4CF1CAAF3080077D0EF /* Supporting Files */ = {
			isa = PBXGroup;
			children = (
				3DE0F4D01CAAF3080077D0EF /* main.m */,
			);
			name = "Supporting Files";
			sourceTree = "<group>";
		};
/* End PBXGroup section */

/* Begin PBXNativeTarget section */
		3DE0F4CB1CAAF3080077D0EF /* Day7_2 */ = {
			isa = PBXNativeTarget;
			buildConfigurationList = 3DE0F4E31CAAF3080077D0EF /* Build configuration list for PBXNativeTarget "Day7_2" */;
			buildPhases = (
				3DE0F4C81CAAF3080077D0EF /* Sources */,
				3DE0F4C91CAAF3080077D0EF /* Frameworks */,
				3DE0F4CA1CAAF3080077D0EF /* Resources */,
			);
			buildRules = (
			);
			dependencies = (
			);
			name = Day7_2;
			productName = Day7_2;
			productReference = 3DE0F4CC1CAAF3080077D0EF /* Day7_2.app */;
			productType = "com.apple.product-type.application";
		};
/* End PBXNativeTarget section */

/* Begin PBXProject section */
		3DE0F4C41CAAF3080077D0EF /* Project object */ = {
			isa = PBXProject;
			attributes = {
				LastUpgradeCheck = 0730;
				ORGANIZATIONNAME = "Peiran Hu";
				TargetAttributes = {
					3DE0F4CB1CAAF3080077D0EF = {
						CreatedOnToolsVersion = 7.3;
					};
				};
			};
			buildConfigurationList = 3DE0F4C71CAAF3080077D0EF /* Build configuration list for PBXProject "Day7_2" */;
			compatibilityVersion = "Xcode 3.2";
			developmentRegion = English;
			hasScannedForEncodings = 0;
			knownRegions = (
				en,
				Base,
			);
			mainGroup = 3DE0F4C31CAAF3080077D0EF;
			productRefGroup = 3DE0F4CD1CAAF3080077D0EF /* Products */;
			projectDirPath = "";
			projectRoot = "";
			targets = (
				3DE0F4CB1CAAF3080077D0EF /* Day7_2 */,
			);
		};
/* End PBXProject section */

/* Begin PBXResourcesBuildPhase section */
		3DE0F4CA1CAAF3080077D0EF /* Resources */ = {
			isa = PBXResourcesBuildPhase;
			buildActionMask = 2147483647;
			files = (
				3DE0F4DF1CAAF3080077D0EF /* LaunchScreen.storyboard in Resources */,
				3DE0F4DC1CAAF3080077D0EF /* Assets.xcassets in Resources */,
				3DE0F4DA1CAAF3080077D0EF /* Main.storyboard in Resources */,
			);
			runOnlyForDeploymentPostprocessing = 0;
		};
/* End PBXResourcesBuildPhase section */

/* Begin PBXSourcesBuildPhase section */
		3DE0F4C81CAAF3080077D0EF /* Sources */ = {
			isa = PBXSourcesBuildPhase;
			buildActionMask = 2147483647;
			files = (
				3DE0F4D71CAAF3080077D0EF /* ViewController.m in Sources */,
				3DE0F4D41CAAF3080077D0EF /* AppDelegate.m in Sources */,
				3DE0F4D11CAAF3080077D0EF /* main.m in Sources */,
			);
			runOnlyForDeploymentPostprocessing = 0;
		};
/* End PBXSourcesBuildPhase section */

/* Begin PBXVariantGroup section */
		3DE0F4D81CAAF3080077D0EF /* Main.storyboard */ = {
			isa = PBXVariantGroup;
			children = (
				3DE0F4D91CAAF3080077D0EF /* Base */,
			);
			name = Main.storyboard;
			sourceTree = "<group>";
		};
		3DE0F4DD1CAAF3080077D0EF /* LaunchScreen.storyboard */ = {
			isa = PBXVariantGroup;
			children = (
				3DE0F4DE1CAAF3080077D0EF /* Base */,
			);
			name = LaunchScreen.storyboard;
			sourceTree = "<group>";
		};
/* End PBXVariantGroup section */

/* Begin XCBuildConfiguration section */
		3DE0F4E11CAAF3080077D0EF /* Debug */ = {
			isa = XCBuildConfiguration;
			buildSettings = {
				ALWAYS_SEARCH_USER_PATHS = NO;
				CLANG_ANALYZER_NONNULL = YES;
				CLANG_CXX_LANGUAGE_STANDARD = "gnu++0x";
				CLANG_CXX_LIBRARY = "libc++";
				CLANG_ENABLE_MODULES = YES;
				CLANG_ENABLE_OBJC_ARC = YES;
				CLANG_WARN_BOOL_CONVERSION = YES;
				CLANG_WARN_CONSTANT_CONVERSION = YES;
				CLANG_WARN_DIRECT_OBJC_ISA_USAGE = YES_ERROR;
				CLANG_WARN_EMPTY_BODY = YES;
				CLANG_WARN_ENUM_CONVERSION = YES;
				CLANG_WARN_INT_CONVERSION = YES;
				CLANG_WARN_OBJC_ROOT_CLASS = YES_ERROR;
				CLANG_WARN_UNREACHABLE_CODE = YES;
				CLANG_WARN__DUPLICATE_METHOD_MATCH = YES;
				"CODE_SIGN_IDENTITY[sdk=iphoneos*]" = "iPhone Developer";
				COPY_PHASE_STRIP = NO;
				DEBUG_INFORMATION_FORMAT = dwarf;
				ENABLE_STRICT_OBJC_MSGSEND = YES;
				ENABLE_TESTABILITY = YES;
				GCC_C_LANGUAGE_STANDARD = gnu99;
				GCC_DYNAMIC_NO_PIC = NO;
				GCC_NO_COMMON_BLOCKS = YES;
				GCC_OPTIMIZATION_LEVEL = 0;
				GCC_PREPROCESSOR_DEFINITIONS = (
					"DEBUG=1",
					"$(inherited)",
				);
				GCC_WARN_64_TO_32_BIT_CONVERSION = YES;
				GCC_WARN_ABOUT_RETURN_TYPE = YES_ERROR;
				GCC_WARN_UNDECLARED_SELECTOR = YES;
				GCC_WARN_UNINITIALIZED_AUTOS = YES_AGGRESSIVE;
				GCC_WARN_UNUSED_FUNCTION = YES;
				GCC_WARN_UNUSED_VARIABLE = YES;
				IPHONEOS_DEPLOYMENT_TARGET = 9.3;
				MTL_ENABLE_DEBUG_INFO = YES;
				ONLY_ACTIVE_ARCH = YES;
				SDKROOT = iphoneos;
				TARGETED_DEVICE_FAMILY = "1,2";
			};
			name = Debug;
		};
		3DE0F4E21CAAF3080077D0EF /* Release */ = {
			isa = XCBuildConfiguration;
			buildSettings = {
				ALWAYS_SEARCH_USER_PATHS = NO;
				CLANG_ANALYZER_NONNULL = YES;
				CLANG_CXX_LANGUAGE_STANDARD = "gnu++0x";
				CLANG_CXX_LIBRARY = "libc++";
				CLANG_ENABLE_MODULES = YES;
				CLANG_ENABLE_OBJC_ARC = YES;
				CLANG_WARN_BOOL_CONVERSION = YES;
				CLANG_WARN_CONSTANT_CONVERSION = YES;
				CLANG_WARN_DIRECT_OBJC_ISA_USAGE = YES_ERROR;
				CLANG_WARN_EMPTY_BODY = YES;
				CLANG_WARN_ENUM_CONVERSION = YES;
				CLANG_WARN_INT_CONVERSION = YES;
				CLANG_WARN_OBJC_ROOT_CLASS = YES_ERROR;
				CLANG_WARN_UNREACHABLE_CODE = YES;
				CLANG_WARN__DUPLICATE_METHOD_MATCH = YES;
				"CODE_SIGN_IDENTITY[sdk=iphoneos*]" = "iPhone Developer";
				COPY_PHASE_STRIP = NO;
				DEBUG_INFORMATION_FORMAT = "dwarf-with-dsym";
				ENABLE_NS_ASSERTIONS = NO;
				ENABLE_STRICT_OBJC_MSGSEND = YES;
				GCC_C_LANGUAGE_STANDARD = gnu99;
				GCC_NO_COMMON_BLOCKS = YES;
				GCC_WARN_64_TO_32_BIT_CONVERSION = YES;
				GCC_WARN_ABOUT_RETURN_TYPE = YES_ERROR;
				GCC_WARN_UNDECLARED_SELECTOR = YES;
				GCC_WARN_UNINITIALIZED_AUTOS = YES_AGGRESSIVE;
				GCC_WARN_UNUSED_FUNCTION = YES;
				GCC_WARN_UNUSED_VARIABLE = YES;
				IPHONEOS_DEPLOYMENT_TARGET = 9.3;
				MTL_ENABLE_DEBUG_INFO = NO;
				SDKROOT = iphoneos;
				TARGETED_DEVICE_FAMILY = "1,2";
				VALIDATE_PRODUCT = YES;
			};
			name = Release;
		};
		3DE0F4E41CAAF3080077D0EF /* Debug */ = {
			isa = XCBuildConfiguration;
			buildSettings = {
				ASSETCATALOG_COMPILER_APPICON_NAME = AppIcon;
				INFOPLIST_FILE = Day7_2/Info.plist;
				LD_RUNPATH_SEARCH_PATHS = "$(inherited) @executable_path/Frameworks";
				PRODUCT_BUNDLE_IDENTIFIER = "com.Day7-2";
				PRODUCT_NAME = "$(TARGET_NAME)";
			};
			name = Debug;
		};
		3DE0F4E51CAAF3080077D0EF /* Release */ = {
			isa = XCBuildConfiguration;
			buildSettings = {
				ASSETCATALOG_COMPILER_APPICON_NAME = AppIcon;
				INFOPLIST_FILE = Day7_2/Info.plist;
				LD_RUNPATH_SEARCH_PATHS = "$(inherited) @executable_path/Frameworks";
				PRODUCT_BUNDLE_IDENTIFIER = "com.Day7-2";
				PRODUCT_NAME = "$(TARGET_NAME)";
			};
			name = Release;
		};
/* End XCBuildConfiguration section */

/* Begin XCConfigurationList section */
		3DE0F4C71CAAF3080077D0EF /* Build configuration list for PBXProject "Day7_2" */ = {
			isa = XCConfigurationList;
			buildConfigurations = (
				3DE0F4E11CAAF3080077D0EF /* Debug */,
				3DE0F4E21CAAF3080077D0EF /* Release */,
			);
			defaultConfigurationIsVisible = 0;
			defaultConfigurationName = Release;
		};
		3DE0F4E31CAAF3080077D0EF /* Build configuration list for PBXNativeTarget "Day7_2" */ = {
			isa = XCConfigurationList;
			buildConfigurations = (
				3DE0F4E41CAAF3080077D0EF /* Debug */,
				3DE0F4E51CAAF3080077D0EF /* Release */,
			);
			defaultConfigurationIsVisible = 0;
		};
/* End XCConfigurationList section */
	};
	rootObject = 3DE0F4C41CAAF3080077D0EF /* Project object */;
}
