// !$*UTF8*$!
{
	archiveVersion = 1;
	classes = {
	};
	objectVersion = 46;
	objects = {

/* Begin PBXBuildFile section */
		3D12D96B1CA1DE3300EE363F /* main.m in Sources */ = {isa = PBXBuildFile; fileRef = 3D12D96A1CA1DE3300EE363F /* main.m */; };
		3D12D9731CA1E3CA00EE363F /* main2.m in Sources */ = {isa = PBXBuildFile; fileRef = 3D12D9721CA1E3CA00EE363F /* main2.m */; };
/* End PBXBuildFile section */

/* Begin PBXCopyFilesBuildPhase section */
		3D12D9651CA1DE3300EE363F /* CopyFiles */ = {
			isa = PBXCopyFilesBuildPhase;
			buildActionMask = 2147483647;
			dstPath = /usr/share/man/man1/;
			dstSubfolderSpec = 0;
			files = (
			);
			runOnlyForDeploymentPostprocessing = 1;
		};
/* End PBXCopyFilesBuildPhase section */

/* Begin PBXFileReference section */
		3D12D9671CA1DE3300EE363F /* Day2_OOPSObjectiveC */ = {isa = PBXFileReference; explicitFileType = "compiled.mach-o.executable"; includeInIndex = 0; path = Day2_OOPSObjectiveC; sourceTree = BUILT_PRODUCTS_DIR; };
		3D12D96A1CA1DE3300EE363F /* main.m */ = {isa = PBXFileReference; lastKnownFileType = sourcecode.c.objc; path = main.m; sourceTree = "<group>"; };
		3D12D9711CA1E3CA00EE363F /* main2.h */ = {isa = PBXFileReference; fileEncoding = 4; lastKnownFileType = sourcecode.c.h; path = main2.h; sourceTree = "<group>"; };
		3D12D9721CA1E3CA00EE363F /* main2.m */ = {isa = PBXFileReference; fileEncoding = 4; lastKnownFileType = sourcecode.c.objc; path = main2.m; sourceTree = "<group>"; };
/* End PBXFileReference section */

/* Begin PBXFrameworksBuildPhase section */
		3D12D9641CA1DE3300EE363F /* Frameworks */ = {
			isa = PBXFrameworksBuildPhase;
			buildActionMask = 2147483647;
			files = (
			);
			runOnlyForDeploymentPostprocessing = 0;
		};
/* End PBXFrameworksBuildPhase section */

/* Begin PBXGroup section */
		3D12D95E1CA1DE3300EE363F = {
			isa = PBXGroup;
			children = (
				3D12D9691CA1DE3300EE363F /* Day2_OOPSObjectiveC */,
				3D12D9681CA1DE3300EE363F /* Products */,
			);
			sourceTree = "<group>";
		};
		3D12D9681CA1DE3300EE363F /* Products */ = {
			isa = PBXGroup;
			children = (
				3D12D9671CA1DE3300EE363F /* Day2_OOPSObjectiveC */,
			);
			name = Products;
			sourceTree = "<group>";
		};
		3D12D9691CA1DE3300EE363F /* Day2_OOPSObjectiveC */ = {
			isa = PBXGroup;
			children = (
				3D12D96A1CA1DE3300EE363F /* main.m */,
				3D12D9711CA1E3CA00EE363F /* main2.h */,
				3D12D9721CA1E3CA00EE363F /* main2.m */,
			);
			path = Day2_OOPSObjectiveC;
			sourceTree = "<group>";
		};
/* End PBXGroup section */

/* Begin PBXNativeTarget section */
		3D12D9661CA1DE3300EE363F /* Day2_OOPSObjectiveC */ = {
			isa = PBXNativeTarget;
			buildConfigurationList = 3D12D96E1CA1DE3300EE363F /* Build configuration list for PBXNativeTarget "Day2_OOPSObjectiveC" */;
			buildPhases = (
				3D12D9631CA1DE3300EE363F /* Sources */,
				3D12D9641CA1DE3300EE363F /* Frameworks */,
				3D12D9651CA1DE3300EE363F /* CopyFiles */,
			);
			buildRules = (
			);
			dependencies = (
			);
			name = Day2_OOPSObjectiveC;
			productName = Day2_OOPSObjectiveC;
			productReference = 3D12D9671CA1DE3300EE363F /* Day2_OOPSObjectiveC */;
			productType = "com.apple.product-type.tool";
		};
/* End PBXNativeTarget section */

/* Begin PBXProject section */
		3D12D95F1CA1DE3300EE363F /* Project object */ = {
			isa = PBXProject;
			attributes = {
				LastUpgradeCheck = 0730;
				ORGANIZATIONNAME = "Peiran Hu";
				TargetAttributes = {
					3D12D9661CA1DE3300EE363F = {
						CreatedOnToolsVersion = 7.3;
					};
				};
			};
			buildConfigurationList = 3D12D9621CA1DE3300EE363F /* Build configuration list for PBXProject "Day2_OOPSObjectiveC" */;
			compatibilityVersion = "Xcode 3.2";
			developmentRegion = English;
			hasScannedForEncodings = 0;
			knownRegions = (
				en,
			);
			mainGroup = 3D12D95E1CA1DE3300EE363F;
			productRefGroup = 3D12D9681CA1DE3300EE363F /* Products */;
			projectDirPath = "";
			projectRoot = "";
			targets = (
				3D12D9661CA1DE3300EE363F /* Day2_OOPSObjectiveC */,
			);
		};
/* End PBXProject section */

/* Begin PBXSourcesBuildPhase section */
		3D12D9631CA1DE3300EE363F /* Sources */ = {
			isa = PBXSourcesBuildPhase;
			buildActionMask = 2147483647;
			files = (
				3D12D96B1CA1DE3300EE363F /* main.m in Sources */,
				3D12D9731CA1E3CA00EE363F /* main2.m in Sources */,
			);
			runOnlyForDeploymentPostprocessing = 0;
		};
/* End PBXSourcesBuildPhase section */

/* Begin XCBuildConfiguration section */
		3D12D96C1CA1DE3300EE363F /* Debug */ = {
			isa = XCBuildConfiguration;
			buildSettings = {
				ALWAYS_SEARCH_USER_PATHS = NO;
				CLANG_ANALYZER_NONNULL = YES;
				CLANG_CXX_LANGUAGE_STANDARD = "gnu++0x";
				CLANG_CXX_LIBRARY = "libc++";
				CLANG_ENABLE_MODULES = YES;
				CLANG_ENABLE_OBJC_ARC = YES;
				CLANG_WARN_BOOL_CONVERSION = YES;
				CLANG_WARN_CONSTANT_CONVERSION = YES;
				CLANG_WARN_DIRECT_OBJC_ISA_USAGE = YES_ERROR;
				CLANG_WARN_EMPTY_BODY = YES;
				CLANG_WARN_ENUM_CONVERSION = YES;
				CLANG_WARN_INT_CONVERSION = YES;
				CLANG_WARN_OBJC_ROOT_CLASS = YES_ERROR;
				CLANG_WARN_UNREACHABLE_CODE = YES;
				CLANG_WARN__DUPLICATE_METHOD_MATCH = YES;
				CODE_SIGN_IDENTITY = "-";
				COPY_PHASE_STRIP = NO;
				DEBUG_INFORMATION_FORMAT = dwarf;
				ENABLE_STRICT_OBJC_MSGSEND = YES;
				ENABLE_TESTABILITY = YES;
				GCC_C_LANGUAGE_STANDARD = gnu99;
				GCC_DYNAMIC_NO_PIC = NO;
				GCC_NO_COMMON_BLOCKS = YES;
				GCC_OPTIMIZATION_LEVEL = 0;
				GCC_PREPROCESSOR_DEFINITIONS = (
					"DEBUG=1",
					"$(inherited)",
				);
				GCC_WARN_64_TO_32_BIT_CONVERSION = YES;
				GCC_WARN_ABOUT_RETURN_TYPE = YES_ERROR;
				GCC_WARN_UNDECLARED_SELECTOR = YES;
				GCC_WARN_UNINITIALIZED_AUTOS = YES_AGGRESSIVE;
				GCC_WARN_UNUSED_FUNCTION = YES;
				GCC_WARN_UNUSED_VARIABLE = YES;
				MACOSX_DEPLOYMENT_TARGET = 10.11;
				MTL_ENABLE_DEBUG_INFO = YES;
				ONLY_ACTIVE_ARCH = YES;
				SDKROOT = macosx;
			};
			name = Debug;
		};
		3D12D96D1CA1DE3300EE363F /* Release */ = {
			isa = XCBuildConfiguration;
			buildSettings = {
				ALWAYS_SEARCH_USER_PATHS = NO;
				CLANG_ANALYZER_NONNULL = YES;
				CLANG_CXX_LANGUAGE_STANDARD = "gnu++0x";
				CLANG_CXX_LIBRARY = "libc++";
				CLANG_ENABLE_MODULES = YES;
				CLANG_ENABLE_OBJC_ARC = YES;
				CLANG_WARN_BOOL_CONVERSION = YES;
				CLANG_WARN_CONSTANT_CONVERSION = YES;
				CLANG_WARN_DIRECT_OBJC_ISA_USAGE = YES_ERROR;
				CLANG_WARN_EMPTY_BODY = YES;
				CLANG_WARN_ENUM_CONVERSION = YES;
				CLANG_WARN_INT_CONVERSION = YES;
				CLANG_WARN_OBJC_ROOT_CLASS = YES_ERROR;
				CLANG_WARN_UNREACHABLE_CODE = YES;
				CLANG_WARN__DUPLICATE_METHOD_MATCH = YES;
				CODE_SIGN_IDENTITY = "-";
				COPY_PHASE_STRIP = NO;
				DEBUG_INFORMATION_FORMAT = "dwarf-with-dsym";
				ENABLE_NS_ASSERTIONS = NO;
				ENABLE_STRICT_OBJC_MSGSEND = YES;
				GCC_C_LANGUAGE_STANDARD = gnu99;
				GCC_NO_COMMON_BLOCKS = YES;
				GCC_WARN_64_TO_32_BIT_CONVERSION = YES;
				GCC_WARN_ABOUT_RETURN_TYPE = YES_ERROR;
				GCC_WARN_UNDECLARED_SELECTOR = YES;
				GCC_WARN_UNINITIALIZED_AUTOS = YES_AGGRESSIVE;
				GCC_WARN_UNUSED_FUNCTION = YES;
				GCC_WARN_UNUSED_VARIABLE = YES;
				MACOSX_DEPLOYMENT_TARGET = 10.11;
				MTL_ENABLE_DEBUG_INFO = NO;
				SDKROOT = macosx;
			};
			name = Release;
		};
		3D12D96F1CA1DE3300EE363F /* Debug */ = {
			isa = XCBuildConfiguration;
			buildSettings = {
				PRODUCT_NAME = "$(TARGET_NAME)";
			};
			name = Debug;
		};
		3D12D9701CA1DE3300EE363F /* Release */ = {
			isa = XCBuildConfiguration;
			buildSettings = {
				PRODUCT_NAME = "$(TARGET_NAME)";
			};
			name = Release;
		};
/* End XCBuildConfiguration section */

/* Begin XCConfigurationList section */
		3D12D9621CA1DE3300EE363F /* Build configuration list for PBXProject "Day2_OOPSObjectiveC" */ = {
			isa = XCConfigurationList;
			buildConfigurations = (
				3D12D96C1CA1DE3300EE363F /* Debug */,
				3D12D96D1CA1DE3300EE363F /* Release */,
			);
			defaultConfigurationIsVisible = 0;
			defaultConfigurationName = Release;
		};
		3D12D96E1CA1DE3300EE363F /* Build configuration list for PBXNativeTarget "Day2_OOPSObjectiveC" */ = {
			isa = XCConfigurationList;
			buildConfigurations = (
				3D12D96F1CA1DE3300EE363F /* Debug */,
				3D12D9701CA1DE3300EE363F /* Release */,
			);
			defaultConfigurationIsVisible = 0;
		};
/* End XCConfigurationList section */
	};
	rootObject = 3D12D95F1CA1DE3300EE363F /* Project object */;
}
