// !$*UTF8*$!
{
	archiveVersion = 1;
	classes = {
	};
	objectVersion = 46;
	objects = {

/* Begin PBXBuildFile section */
		3DE0F3541CA48F660077D0EF /* main.m in Sources */ = {isa = PBXBuildFile; fileRef = 3DE0F3531CA48F660077D0EF /* main.m */; };
		3DE0F3621CA4902C0077D0EF /* someClass.m in Sources */ = {isa = PBXBuildFile; fileRef = 3DE0F3611CA4902C0077D0EF /* someClass.m */; };
		3DE0F3651CA490370077D0EF /* anotherClass.m in Sources */ = {isa = PBXBuildFile; fileRef = 3DE0F3641CA490370077D0EF /* anotherClass.m */; };
/* End PBXBuildFile section */

/* Begin PBXCopyFilesBuildPhase section */
		3DE0F34E1CA48F660077D0EF /* CopyFiles */ = {
			isa = PBXCopyFilesBuildPhase;
			buildActionMask = 2147483647;
			dstPath = /usr/share/man/man1/;
			dstSubfolderSpec = 0;
			files = (
			);
			runOnlyForDeploymentPostprocessing = 1;
		};
/* End PBXCopyFilesBuildPhase section */

/* Begin PBXFileReference section */
		3DE0F3501CA48F660077D0EF /* Day4_5_InformalProtocol */ = {isa = PBXFileReference; explicitFileType = "compiled.mach-o.executable"; includeInIndex = 0; path = Day4_5_InformalProtocol; sourceTree = BUILT_PRODUCTS_DIR; };
		3DE0F3531CA48F660077D0EF /* main.m */ = {isa = PBXFileReference; lastKnownFileType = sourcecode.c.objc; path = main.m; sourceTree = "<group>"; };
		3DE0F3601CA4902C0077D0EF /* someClass.h */ = {isa = PBXFileReference; fileEncoding = 4; lastKnownFileType = sourcecode.c.h; name = someClass.h; path = ../someClass.h; sourceTree = "<group>"; };
		3DE0F3611CA4902C0077D0EF /* someClass.m */ = {isa = PBXFileReference; fileEncoding = 4; lastKnownFileType = sourcecode.c.objc; name = someClass.m; path = ../someClass.m; sourceTree = "<group>"; };
		3DE0F3631CA490370077D0EF /* anotherClass.h */ = {isa = PBXFileReference; fileEncoding = 4; lastKnownFileType = sourcecode.c.h; name = anotherClass.h; path = ../anotherClass.h; sourceTree = "<group>"; };
		3DE0F3641CA490370077D0EF /* anotherClass.m */ = {isa = PBXFileReference; fileEncoding = 4; lastKnownFileType = sourcecode.c.objc; name = anotherClass.m; path = ../anotherClass.m; sourceTree = "<group>"; };
		3DE0F3661CA490550077D0EF /* someClassDelegate.h */ = {isa = PBXFileReference; fileEncoding = 4; lastKnownFileType = sourcecode.c.h; path = someClassDelegate.h; sourceTree = "<group>"; };
/* End PBXFileReference section */

/* Begin PBXFrameworksBuildPhase section */
		3DE0F34D1CA48F660077D0EF /* Frameworks */ = {
			isa = PBXFrameworksBuildPhase;
			buildActionMask = 2147483647;
			files = (
			);
			runOnlyForDeploymentPostprocessing = 0;
		};
/* End PBXFrameworksBuildPhase section */

/* Begin PBXGroup section */
		3DE0F3471CA48F660077D0EF = {
			isa = PBXGroup;
			children = (
				3DE0F3521CA48F660077D0EF /* Day4_5_InformalProtocol */,
				3DE0F3511CA48F660077D0EF /* Products */,
			);
			sourceTree = "<group>";
		};
		3DE0F3511CA48F660077D0EF /* Products */ = {
			isa = PBXGroup;
			children = (
				3DE0F3501CA48F660077D0EF /* Day4_5_InformalProtocol */,
			);
			name = Products;
			sourceTree = "<group>";
		};
		3DE0F3521CA48F660077D0EF /* Day4_5_InformalProtocol */ = {
			isa = PBXGroup;
			children = (
				3DE0F3531CA48F660077D0EF /* main.m */,
				3DE0F3661CA490550077D0EF /* someClassDelegate.h */,
				3DE0F3601CA4902C0077D0EF /* someClass.h */,
				3DE0F3611CA4902C0077D0EF /* someClass.m */,
				3DE0F3631CA490370077D0EF /* anotherClass.h */,
				3DE0F3641CA490370077D0EF /* anotherClass.m */,
			);
			path = Day4_5_InformalProtocol;
			sourceTree = "<group>";
		};
/* End PBXGroup section */

/* Begin PBXNativeTarget section */
		3DE0F34F1CA48F660077D0EF /* Day4_5_InformalProtocol */ = {
			isa = PBXNativeTarget;
			buildConfigurationList = 3DE0F3571CA48F660077D0EF /* Build configuration list for PBXNativeTarget "Day4_5_InformalProtocol" */;
			buildPhases = (
				3DE0F34C1CA48F660077D0EF /* Sources */,
				3DE0F34D1CA48F660077D0EF /* Frameworks */,
				3DE0F34E1CA48F660077D0EF /* CopyFiles */,
			);
			buildRules = (
			);
			dependencies = (
			);
			name = Day4_5_InformalProtocol;
			productName = Day4_5_InformalProtocol;
			productReference = 3DE0F3501CA48F660077D0EF /* Day4_5_InformalProtocol */;
			productType = "com.apple.product-type.tool";
		};
/* End PBXNativeTarget section */

/* Begin PBXProject section */
		3DE0F3481CA48F660077D0EF /* Project object */ = {
			isa = PBXProject;
			attributes = {
				LastUpgradeCheck = 0730;
				ORGANIZATIONNAME = "Peiran Hu";
				TargetAttributes = {
					3DE0F34F1CA48F660077D0EF = {
						CreatedOnToolsVersion = 7.3;
					};
				};
			};
			buildConfigurationList = 3DE0F34B1CA48F660077D0EF /* Build configuration list for PBXProject "Day4_5_InformalProtocol" */;
			compatibilityVersion = "Xcode 3.2";
			developmentRegion = English;
			hasScannedForEncodings = 0;
			knownRegions = (
				en,
			);
			mainGroup = 3DE0F3471CA48F660077D0EF;
			productRefGroup = 3DE0F3511CA48F660077D0EF /* Products */;
			projectDirPath = "";
			projectRoot = "";
			targets = (
				3DE0F34F1CA48F660077D0EF /* Day4_5_InformalProtocol */,
			);
		};
/* End PBXProject section */

/* Begin PBXSourcesBuildPhase section */
		3DE0F34C1CA48F660077D0EF /* Sources */ = {
			isa = PBXSourcesBuildPhase;
			buildActionMask = 2147483647;
			files = (
				3DE0F3621CA4902C0077D0EF /* someClass.m in Sources */,
				3DE0F3541CA48F660077D0EF /* main.m in Sources */,
				3DE0F3651CA490370077D0EF /* anotherClass.m in Sources */,
			);
			runOnlyForDeploymentPostprocessing = 0;
		};
/* End PBXSourcesBuildPhase section */

/* Begin XCBuildConfiguration section */
		3DE0F3551CA48F660077D0EF /* Debug */ = {
			isa = XCBuildConfiguration;
			buildSettings = {
				ALWAYS_SEARCH_USER_PATHS = NO;
				CLANG_ANALYZER_NONNULL = YES;
				CLANG_CXX_LANGUAGE_STANDARD = "gnu++0x";
				CLANG_CXX_LIBRARY = "libc++";
				CLANG_ENABLE_MODULES = YES;
				CLANG_ENABLE_OBJC_ARC = YES;
				CLANG_WARN_BOOL_CONVERSION = YES;
				CLANG_WARN_CONSTANT_CONVERSION = YES;
				CLANG_WARN_DIRECT_OBJC_ISA_USAGE = YES_ERROR;
				CLANG_WARN_EMPTY_BODY = YES;
				CLANG_WARN_ENUM_CONVERSION = YES;
				CLANG_WARN_INT_CONVERSION = YES;
				CLANG_WARN_OBJC_ROOT_CLASS = YES_ERROR;
				CLANG_WARN_UNREACHABLE_CODE = YES;
				CLANG_WARN__DUPLICATE_METHOD_MATCH = YES;
				CODE_SIGN_IDENTITY = "-";
				COPY_PHASE_STRIP = NO;
				DEBUG_INFORMATION_FORMAT = dwarf;
				ENABLE_STRICT_OBJC_MSGSEND = YES;
				ENABLE_TESTABILITY = YES;
				GCC_C_LANGUAGE_STANDARD = gnu99;
				GCC_DYNAMIC_NO_PIC = NO;
				GCC_NO_COMMON_BLOCKS = YES;
				GCC_OPTIMIZATION_LEVEL = 0;
				GCC_PREPROCESSOR_DEFINITIONS = (
					"DEBUG=1",
					"$(inherited)",
				);
				GCC_WARN_64_TO_32_BIT_CONVERSION = YES;
				GCC_WARN_ABOUT_RETURN_TYPE = YES_ERROR;
				GCC_WARN_UNDECLARED_SELECTOR = YES;
				GCC_WARN_UNINITIALIZED_AUTOS = YES_AGGRESSIVE;
				GCC_WARN_UNUSED_FUNCTION = YES;
				GCC_WARN_UNUSED_VARIABLE = YES;
				MACOSX_DEPLOYMENT_TARGET = 10.11;
				MTL_ENABLE_DEBUG_INFO = YES;
				ONLY_ACTIVE_ARCH = YES;
				SDKROOT = macosx;
			};
			name = Debug;
		};
		3DE0F3561CA48F660077D0EF /* Release */ = {
			isa = XCBuildConfiguration;
			buildSettings = {
				ALWAYS_SEARCH_USER_PATHS = NO;
				CLANG_ANALYZER_NONNULL = YES;
				CLANG_CXX_LANGUAGE_STANDARD = "gnu++0x";
				CLANG_CXX_LIBRARY = "libc++";
				CLANG_ENABLE_MODULES = YES;
				CLANG_ENABLE_OBJC_ARC = YES;
				CLANG_WARN_BOOL_CONVERSION = YES;
				CLANG_WARN_CONSTANT_CONVERSION = YES;
				CLANG_WARN_DIRECT_OBJC_ISA_USAGE = YES_ERROR;
				CLANG_WARN_EMPTY_BODY = YES;
				CLANG_WARN_ENUM_CONVERSION = YES;
				CLANG_WARN_INT_CONVERSION = YES;
				CLANG_WARN_OBJC_ROOT_CLASS = YES_ERROR;
				CLANG_WARN_UNREACHABLE_CODE = YES;
				CLANG_WARN__DUPLICATE_METHOD_MATCH = YES;
				CODE_SIGN_IDENTITY = "-";
				COPY_PHASE_STRIP = NO;
				DEBUG_INFORMATION_FORMAT = "dwarf-with-dsym";
				ENABLE_NS_ASSERTIONS = NO;
				ENABLE_STRICT_OBJC_MSGSEND = YES;
				GCC_C_LANGUAGE_STANDARD = gnu99;
				GCC_NO_COMMON_BLOCKS = YES;
				GCC_WARN_64_TO_32_BIT_CONVERSION = YES;
				GCC_WARN_ABOUT_RETURN_TYPE = YES_ERROR;
				GCC_WARN_UNDECLARED_SELECTOR = YES;
				GCC_WARN_UNINITIALIZED_AUTOS = YES_AGGRESSIVE;
				GCC_WARN_UNUSED_FUNCTION = YES;
				GCC_WARN_UNUSED_VARIABLE = YES;
				MACOSX_DEPLOYMENT_TARGET = 10.11;
				MTL_ENABLE_DEBUG_INFO = NO;
				SDKROOT = macosx;
			};
			name = Release;
		};
		3DE0F3581CA48F660077D0EF /* Debug */ = {
			isa = XCBuildConfiguration;
			buildSettings = {
				PRODUCT_NAME = "$(TARGET_NAME)";
			};
			name = Debug;
		};
		3DE0F3591CA48F660077D0EF /* Release */ = {
			isa = XCBuildConfiguration;
			buildSettings = {
				PRODUCT_NAME = "$(TARGET_NAME)";
			};
			name = Release;
		};
/* End XCBuildConfiguration section */

/* Begin XCConfigurationList section */
		3DE0F34B1CA48F660077D0EF /* Build configuration list for PBXProject "Day4_5_InformalProtocol" */ = {
			isa = XCConfigurationList;
			buildConfigurations = (
				3DE0F3551CA48F660077D0EF /* Debug */,
				3DE0F3561CA48F660077D0EF /* Release */,
			);
			defaultConfigurationIsVisible = 0;
			defaultConfigurationName = Release;
		};
		3DE0F3571CA48F660077D0EF /* Build configuration list for PBXNativeTarget "Day4_5_InformalProtocol" */ = {
			isa = XCConfigurationList;
			buildConfigurations = (
				3DE0F3581CA48F660077D0EF /* Debug */,
				3DE0F3591CA48F660077D0EF /* Release */,
			);
			defaultConfigurationIsVisible = 0;
		};
/* End XCConfigurationList section */
	};
	rootObject = 3DE0F3481CA48F660077D0EF /* Project object */;
}
